
Microsoft Visual Studio Solution File, Format Version 12.00
# Visual Studio Version 17
VisualStudioVersion = 17.5.33627.172
MinimumVisualStudioVersion = 10.0.40219.1
Project("{FAE04EC0-301F-11D3-BF4B-00C04F79EFBC}") = "FolderSyncApp", "FolderSyncApp\FolderSyncApp.csproj", "{A029AD5B-620A-4021-A83B-96735414EF84}"
EndProject
Global
	GlobalSection(SolutionConfigurationPlatforms) = preSolution
		Debug|Any CPU = Debug|Any CPU
		Release|Any CPU = Release|Any CPU
	EndGlobalSection
	GlobalSection(ProjectConfigurationPlatforms) = postSolution
		{A029AD5B-620A-4021-A83B-96735414EF84}.Debug|Any CPU.ActiveCfg = Debug|Any CPU
		{A029AD5B-620A-4021-A83B-96735414EF84}.Debug|Any CPU.Build.0 = Debug|Any CPU
		{A029AD5B-620A-4021-A83B-96735414EF84}.Release|Any CPU.ActiveCfg = Release|Any CPU
		{A029AD5B-620A-4021-A83B-96735414EF84}.Release|Any CPU.Build.0 = Release|Any CPU
	EndGlobalSection
	GlobalSection(SolutionProperties) = preSolution
		HideSolutionNode = FALSE
	EndGlobalSection
	GlobalSection(ExtensibilityGlobals) = postSolution
		SolutionGuid = {2DFE3C14-3F94-4B6C-8D5F-2B9048703931}
	EndGlobalSection
EndGlobal
